
Microsoft Visual Studio Solution File, Format Version 12.00
# Visual Studio Version 17
VisualStudioVersion = 17.5.33530.505
MinimumVisualStudioVersion = 10.0.40219.1
Project("{FAE04EC0-301F-11D3-BF4B-00C04F79EFBC}") = "REACTBIGBANG", "REACTBIGBANG\REACTBIGBANG.csproj", "{EF85FCBE-1428-40A6-9790-3C5BDE02AC0A}"
EndProject
Global
	GlobalSection(SolutionConfigurationPlatforms) = preSolution
		Debug|Any CPU = Debug|Any CPU
		Release|Any CPU = Release|Any CPU
	EndGlobalSection
	GlobalSection(ProjectConfigurationPlatforms) = postSolution
		{EF85FCBE-1428-40A6-9790-3C5BDE02AC0A}.Debug|Any CPU.ActiveCfg = Debug|Any CPU
		{EF85FCBE-1428-40A6-9790-3C5BDE02AC0A}.Debug|Any CPU.Build.0 = Debug|Any CPU
		{EF85FCBE-1428-40A6-9790-3C5BDE02AC0A}.Release|Any CPU.ActiveCfg = Release|Any CPU
		{EF85FCBE-1428-40A6-9790-3C5BDE02AC0A}.Release|Any CPU.Build.0 = Release|Any CPU
	EndGlobalSection
	GlobalSection(SolutionProperties) = preSolution
		HideSolutionNode = FALSE
	EndGlobalSection
	GlobalSection(ExtensibilityGlobals) = postSolution
		SolutionGuid = {AB924DDD-1DD5-4B75-A5D3-EC6119CCF080}
	EndGlobalSection
EndGlobal
